{
  "object": {
    "pins": [
      {
        "package": "AssessmentModel",
        "repositoryURL": "https://github.com/Sage-Bionetworks/AssessmentModelKMM.git",
        "state": {
          "branch": null,
          "revision": "036c67beda06a82b2a1f8e8aceb15ceb7b43c084",
          "version": "0.10.1"
        }
      },
      {
        "package": "JsonModel",
        "repositoryURL": "https://github.com/Sage-Bionetworks/JsonModel-Swift.git",
        "state": {
          "branch": null,
          "revision": "4431edad387697d8db879212c4ca8dacbc436b5f",
          "version": "1.6.0"
        }
      },
      {
        "package": "MobilePassiveData",
        "repositoryURL": "https://github.com/Sage-Bionetworks/MobilePassiveData-SDK.git",
        "state": {
          "branch": null,
          "revision": "33a124d928a8499c88ac36543f414d7604f26573",
          "version": "1.5.1"
        }
      },
      {
        "package": "SharedMobileUI",
        "repositoryURL": "https://github.com/Sage-Bionetworks/SharedMobileUI-AppleOS.git",
        "state": {
          "branch": null,
          "revision": "a3c4ff73d2b222d5a246f617d5c2b062eb3abfe4",
          "version": "0.17.0"
        }
      }
    ]
  },
  "version": 1
}
