{
  "object": {
    "pins": [
      {
        "package": "AssessmentModel",
        "repositoryURL": "https://github.com/Sage-Bionetworks/AssessmentModelKMM.git",
        "state": {
          "branch": null,
          "revision": "0efc7de4679b61c0c27c4117558de87318fd77dc",
          "version": "0.11.1"
        }
      },
      {
        "package": "JsonModel",
        "repositoryURL": "https://github.com/Sage-Bionetworks/JsonModel-Swift.git",
        "state": {
          "branch": null,
          "revision": "4431edad387697d8db879212c4ca8dacbc436b5f",
          "version": "1.6.0"
        }
      },
      {
        "package": "MobilePassiveData",
        "repositoryURL": "https://github.com/Sage-Bionetworks/MobilePassiveData-SDK.git",
        "state": {
          "branch": null,
          "revision": "33a124d928a8499c88ac36543f414d7604f26573",
          "version": "1.5.1"
        }
      },
      {
        "package": "SharedMobileUI",
        "repositoryURL": "https://github.com/Sage-Bionetworks/SharedMobileUI-AppleOS.git",
        "state": {
          "branch": null,
          "revision": "02192711c7f739df823bf187bd1b4cad9fe921c1",
          "version": "0.19.0"
        }
      }
    ]
  },
  "version": 1
}
