// !$*UTF8*$!
{
	archiveVersion = 1;
	classes = {
	};
	objectVersion = 52;
	objects = {

/* Begin PBXBuildFile section */
		FFCB21712746ECF7005219FB /* Assets.xcassets in Resources */ = {isa = PBXBuildFile; fileRef = FFCB21632746ECF7005219FB /* Assets.xcassets */; };
		FFCB21722746ECF7005219FB /* TaskPresentationViewController.swift in Sources */ = {isa = PBXBuildFile; fileRef = FFCB21642746ECF7005219FB /* TaskPresentationViewController.swift */; };
		FFCB21732746ECF7005219FB /* LaunchScreen.storyboard in Resources */ = {isa = PBXBuildFile; fileRef = FFCB21652746ECF7005219FB /* LaunchScreen.storyboard */; };
		FFCB21742746ECF7005219FB /* Main.storyboard in Resources */ = {isa = PBXBuildFile; fileRef = FFCB21672746ECF7005219FB /* Main.storyboard */; };
		FFCB21752746ECF7005219FB /* ResultTableViewController.swift in Sources */ = {isa = PBXBuildFile; fileRef = FFCB21692746ECF7005219FB /* ResultTableViewController.swift */; };
		FFCB21762746ECF7005219FB /* ErrorViewController.swift in Sources */ = {isa = PBXBuildFile; fileRef = FFCB216A2746ECF7005219FB /* ErrorViewController.swift */; };
		FFCB21772746ECF7005219FB /* FileResultViewController.swift in Sources */ = {isa = PBXBuildFile; fileRef = FFCB216B2746ECF7005219FB /* FileResultViewController.swift */; };
		FFCB21782746ECF7005219FB /* TaskTableViewController.swift in Sources */ = {isa = PBXBuildFile; fileRef = FFCB216C2746ECF7005219FB /* TaskTableViewController.swift */; };
		FFCB21792746ECF7005219FB /* AppDelegate.swift in Sources */ = {isa = PBXBuildFile; fileRef = FFCB216D2746ECF7005219FB /* AppDelegate.swift */; };
		FFCB217A2746ECF7005219FB /* ArchiveManager.swift in Sources */ = {isa = PBXBuildFile; fileRef = FFCB216E2746ECF7005219FB /* ArchiveManager.swift */; };
		FFCB217C2746ECF7005219FB /* TaskArchivesTableViewController.swift in Sources */ = {isa = PBXBuildFile; fileRef = FFCB21702746ECF7005219FB /* TaskArchivesTableViewController.swift */; };
		FFCB217F2746ED66005219FB /* MotorControl in Frameworks */ = {isa = PBXBuildFile; productRef = FFCB217E2746ED66005219FB /* MotorControl */; };
/* End PBXBuildFile section */

/* Begin PBXFileReference section */
		F82CEEEC227AB136000485C8 /* SwiftPackageApp.app */ = {isa = PBXFileReference; explicitFileType = wrapper.application; includeInIndex = 0; path = SwiftPackageApp.app; sourceTree = BUILT_PRODUCTS_DIR; };
		F82CEEFB227AB136000485C8 /* Info.plist */ = {isa = PBXFileReference; lastKnownFileType = text.plist.xml; path = Info.plist; sourceTree = "<group>"; };
		F82CEF23227AB675000485C8 /* MotorControl.framework */ = {isa = PBXFileReference; explicitFileType = wrapper.framework; path = MotorControl.framework; sourceTree = BUILT_PRODUCTS_DIR; };
		F82CEF26227AB675000485C8 /* Research.framework */ = {isa = PBXFileReference; explicitFileType = wrapper.framework; path = Research.framework; sourceTree = BUILT_PRODUCTS_DIR; };
		F82CEF29227AB675000485C8 /* ResearchUI.framework */ = {isa = PBXFileReference; explicitFileType = wrapper.framework; path = ResearchUI.framework; sourceTree = BUILT_PRODUCTS_DIR; };
		F8E12676228E346400AE37E1 /* ResearchMotion.framework */ = {isa = PBXFileReference; explicitFileType = wrapper.framework; path = ResearchMotion.framework; sourceTree = BUILT_PRODUCTS_DIR; };
		FF174D31257B20F900093461 /* Research.framework */ = {isa = PBXFileReference; explicitFileType = wrapper.framework; path = Research.framework; sourceTree = BUILT_PRODUCTS_DIR; };
		FF174D32257B20F900093461 /* ResearchMotion.framework */ = {isa = PBXFileReference; explicitFileType = wrapper.framework; path = ResearchMotion.framework; sourceTree = BUILT_PRODUCTS_DIR; };
		FF174D33257B20F900093461 /* ResearchUI.framework */ = {isa = PBXFileReference; explicitFileType = wrapper.framework; path = ResearchUI.framework; sourceTree = BUILT_PRODUCTS_DIR; };
		FF174D48257B21C700093461 /* ExceptionHandler.framework */ = {isa = PBXFileReference; explicitFileType = wrapper.framework; path = ExceptionHandler.framework; sourceTree = BUILT_PRODUCTS_DIR; };
		FF174D49257B21C700093461 /* Formatters.framework */ = {isa = PBXFileReference; explicitFileType = wrapper.framework; path = Formatters.framework; sourceTree = BUILT_PRODUCTS_DIR; };
		FFCB21632746ECF7005219FB /* Assets.xcassets */ = {isa = PBXFileReference; lastKnownFileType = folder.assetcatalog; path = Assets.xcassets; sourceTree = "<group>"; };
		FFCB21642746ECF7005219FB /* TaskPresentationViewController.swift */ = {isa = PBXFileReference; fileEncoding = 4; lastKnownFileType = sourcecode.swift; path = TaskPresentationViewController.swift; sourceTree = "<group>"; };
		FFCB21662746ECF7005219FB /* Base */ = {isa = PBXFileReference; lastKnownFileType = file.storyboard; name = Base; path = Base.lproj/LaunchScreen.storyboard; sourceTree = "<group>"; };
		FFCB21682746ECF7005219FB /* Base */ = {isa = PBXFileReference; lastKnownFileType = file.storyboard; name = Base; path = Base.lproj/Main.storyboard; sourceTree = "<group>"; };
		FFCB21692746ECF7005219FB /* ResultTableViewController.swift */ = {isa = PBXFileReference; fileEncoding = 4; lastKnownFileType = sourcecode.swift; path = ResultTableViewController.swift; sourceTree = "<group>"; };
		FFCB216A2746ECF7005219FB /* ErrorViewController.swift */ = {isa = PBXFileReference; fileEncoding = 4; lastKnownFileType = sourcecode.swift; path = ErrorViewController.swift; sourceTree = "<group>"; };
		FFCB216B2746ECF7005219FB /* FileResultViewController.swift */ = {isa = PBXFileReference; fileEncoding = 4; lastKnownFileType = sourcecode.swift; path = FileResultViewController.swift; sourceTree = "<group>"; };
		FFCB216C2746ECF7005219FB /* TaskTableViewController.swift */ = {isa = PBXFileReference; fileEncoding = 4; lastKnownFileType = sourcecode.swift; path = TaskTableViewController.swift; sourceTree = "<group>"; };
		FFCB216D2746ECF7005219FB /* AppDelegate.swift */ = {isa = PBXFileReference; fileEncoding = 4; lastKnownFileType = sourcecode.swift; path = AppDelegate.swift; sourceTree = "<group>"; };
		FFCB216E2746ECF7005219FB /* ArchiveManager.swift */ = {isa = PBXFileReference; fileEncoding = 4; lastKnownFileType = sourcecode.swift; path = ArchiveManager.swift; sourceTree = "<group>"; };
		FFCB21702746ECF7005219FB /* TaskArchivesTableViewController.swift */ = {isa = PBXFileReference; fileEncoding = 4; lastKnownFileType = sourcecode.swift; path = TaskArchivesTableViewController.swift; sourceTree = "<group>"; };
		FFCB217D2746ED42005219FB /* MotorControl-iOS */ = {isa = PBXFileReference; lastKnownFileType = folder; name = "MotorControl-iOS"; path = ..; sourceTree = "<group>"; };
		FFD1503B273B4D4B00F11468 /* MotorControl.framework */ = {isa = PBXFileReference; explicitFileType = wrapper.framework; path = MotorControl.framework; sourceTree = BUILT_PRODUCTS_DIR; };
/* End PBXFileReference section */

/* Begin PBXFrameworksBuildPhase section */
		F82CEEE9227AB136000485C8 /* Frameworks */ = {
			isa = PBXFrameworksBuildPhase;
			buildActionMask = 2147483647;
			files = (
				FFCB217F2746ED66005219FB /* MotorControl in Frameworks */,
			);
			runOnlyForDeploymentPostprocessing = 0;
		};
/* End PBXFrameworksBuildPhase section */

/* Begin PBXGroup section */
		F82CEEE3227AB136000485C8 = {
			isa = PBXGroup;
			children = (
				FFCB217D2746ED42005219FB /* MotorControl-iOS */,
				F82CEEEE227AB136000485C8 /* SwiftPackageApp */,
				F82CEF22227AB61A000485C8 /* Frameworks */,
				F82CEEED227AB136000485C8 /* Products */,
			);
			sourceTree = "<group>";
		};
		F82CEEED227AB136000485C8 /* Products */ = {
			isa = PBXGroup;
			children = (
				F82CEEEC227AB136000485C8 /* SwiftPackageApp.app */,
			);
			name = Products;
			sourceTree = "<group>";
		};
		F82CEEEE227AB136000485C8 /* SwiftPackageApp */ = {
			isa = PBXGroup;
			children = (
				FFCB21622746ECF7005219FB /* MCTSampleApp */,
				F82CEEFB227AB136000485C8 /* Info.plist */,
			);
			path = SwiftPackageApp;
			sourceTree = "<group>";
		};
		F82CEF22227AB61A000485C8 /* Frameworks */ = {
			isa = PBXGroup;
			children = (
				FFD1503B273B4D4B00F11468 /* MotorControl.framework */,
				FF174D48257B21C700093461 /* ExceptionHandler.framework */,
				FF174D49257B21C700093461 /* Formatters.framework */,
				FF174D31257B20F900093461 /* Research.framework */,
				FF174D32257B20F900093461 /* ResearchMotion.framework */,
				FF174D33257B20F900093461 /* ResearchUI.framework */,
				F8E12676228E346400AE37E1 /* ResearchMotion.framework */,
				F82CEF29227AB675000485C8 /* ResearchUI.framework */,
				F82CEF26227AB675000485C8 /* Research.framework */,
				F82CEF23227AB675000485C8 /* MotorControl.framework */,
			);
			name = Frameworks;
			sourceTree = "<group>";
		};
		FFCB21622746ECF7005219FB /* MCTSampleApp */ = {
			isa = PBXGroup;
			children = (
				FFCB21632746ECF7005219FB /* Assets.xcassets */,
				FFCB21642746ECF7005219FB /* TaskPresentationViewController.swift */,
				FFCB21652746ECF7005219FB /* LaunchScreen.storyboard */,
				FFCB21672746ECF7005219FB /* Main.storyboard */,
				FFCB21692746ECF7005219FB /* ResultTableViewController.swift */,
				FFCB216A2746ECF7005219FB /* ErrorViewController.swift */,
				FFCB216B2746ECF7005219FB /* FileResultViewController.swift */,
				FFCB216C2746ECF7005219FB /* TaskTableViewController.swift */,
				FFCB216D2746ECF7005219FB /* AppDelegate.swift */,
				FFCB216E2746ECF7005219FB /* ArchiveManager.swift */,
				FFCB21702746ECF7005219FB /* TaskArchivesTableViewController.swift */,
			);
			name = MCTSampleApp;
			path = ../MCTSampleApp;
			sourceTree = "<group>";
		};
/* End PBXGroup section */

/* Begin PBXNativeTarget section */
		F82CEEEB227AB136000485C8 /* SwiftPackageApp */ = {
			isa = PBXNativeTarget;
			buildConfigurationList = F82CEF09227AB136000485C8 /* Build configuration list for PBXNativeTarget "SwiftPackageApp" */;
			buildPhases = (
				F82CEEE8227AB136000485C8 /* Sources */,
				F82CEEE9227AB136000485C8 /* Frameworks */,
				F82CEEEA227AB136000485C8 /* Resources */,
			);
			buildRules = (
			);
			dependencies = (
			);
			name = SwiftPackageApp;
			packageProductDependencies = (
				FFCB217E2746ED66005219FB /* MotorControl */,
			);
			productName = MCTSampleApp;
			productReference = F82CEEEC227AB136000485C8 /* SwiftPackageApp.app */;
			productType = "com.apple.product-type.application";
		};
/* End PBXNativeTarget section */

/* Begin PBXProject section */
		F82CEEE4227AB136000485C8 /* Project object */ = {
			isa = PBXProject;
			attributes = {
				LastSwiftUpdateCheck = 1020;
				LastUpgradeCheck = 1310;
				ORGANIZATIONNAME = "Sage Bionetworks";
				TargetAttributes = {
					F82CEEEB227AB136000485C8 = {
						CreatedOnToolsVersion = 10.2;
						SystemCapabilities = {
							com.apple.BackgroundModes = {
								enabled = 1;
							};
						};
					};
				};
			};
			buildConfigurationList = F82CEEE7227AB136000485C8 /* Build configuration list for PBXProject "SwiftPackageApp" */;
			compatibilityVersion = "Xcode 9.3";
			developmentRegion = en;
			hasScannedForEncodings = 0;
			knownRegions = (
				en,
				Base,
			);
			mainGroup = F82CEEE3227AB136000485C8;
			productRefGroup = F82CEEED227AB136000485C8 /* Products */;
			projectDirPath = "";
			projectRoot = "";
			targets = (
				F82CEEEB227AB136000485C8 /* SwiftPackageApp */,
			);
		};
/* End PBXProject section */

/* Begin PBXResourcesBuildPhase section */
		F82CEEEA227AB136000485C8 /* Resources */ = {
			isa = PBXResourcesBuildPhase;
			buildActionMask = 2147483647;
			files = (
				FFCB21742746ECF7005219FB /* Main.storyboard in Resources */,
				FFCB21712746ECF7005219FB /* Assets.xcassets in Resources */,
				FFCB21732746ECF7005219FB /* LaunchScreen.storyboard in Resources */,
			);
			runOnlyForDeploymentPostprocessing = 0;
		};
/* End PBXResourcesBuildPhase section */

/* Begin PBXSourcesBuildPhase section */
		F82CEEE8227AB136000485C8 /* Sources */ = {
			isa = PBXSourcesBuildPhase;
			buildActionMask = 2147483647;
			files = (
				FFCB21792746ECF7005219FB /* AppDelegate.swift in Sources */,
				FFCB21782746ECF7005219FB /* TaskTableViewController.swift in Sources */,
				FFCB21752746ECF7005219FB /* ResultTableViewController.swift in Sources */,
				FFCB21762746ECF7005219FB /* ErrorViewController.swift in Sources */,
				FFCB21722746ECF7005219FB /* TaskPresentationViewController.swift in Sources */,
				FFCB21772746ECF7005219FB /* FileResultViewController.swift in Sources */,
				FFCB217A2746ECF7005219FB /* ArchiveManager.swift in Sources */,
				FFCB217C2746ECF7005219FB /* TaskArchivesTableViewController.swift in Sources */,
			);
			runOnlyForDeploymentPostprocessing = 0;
		};
/* End PBXSourcesBuildPhase section */

/* Begin PBXVariantGroup section */
		FFCB21652746ECF7005219FB /* LaunchScreen.storyboard */ = {
			isa = PBXVariantGroup;
			children = (
				FFCB21662746ECF7005219FB /* Base */,
			);
			name = LaunchScreen.storyboard;
			sourceTree = "<group>";
		};
		FFCB21672746ECF7005219FB /* Main.storyboard */ = {
			isa = PBXVariantGroup;
			children = (
				FFCB21682746ECF7005219FB /* Base */,
			);
			name = Main.storyboard;
			sourceTree = "<group>";
		};
/* End PBXVariantGroup section */

/* Begin XCBuildConfiguration section */
		F82CEF07227AB136000485C8 /* Debug */ = {
			isa = XCBuildConfiguration;
			buildSettings = {
				ALWAYS_SEARCH_USER_PATHS = NO;
				CLANG_ANALYZER_NONNULL = YES;
				CLANG_ANALYZER_NUMBER_OBJECT_CONVERSION = YES_AGGRESSIVE;
				CLANG_CXX_LANGUAGE_STANDARD = "gnu++14";
				CLANG_CXX_LIBRARY = "libc++";
				CLANG_ENABLE_MODULES = YES;
				CLANG_ENABLE_OBJC_ARC = YES;
				CLANG_ENABLE_OBJC_WEAK = YES;
				CLANG_WARN_BLOCK_CAPTURE_AUTORELEASING = YES;
				CLANG_WARN_BOOL_CONVERSION = YES;
				CLANG_WARN_COMMA = YES;
				CLANG_WARN_CONSTANT_CONVERSION = YES;
				CLANG_WARN_DEPRECATED_OBJC_IMPLEMENTATIONS = YES;
				CLANG_WARN_DIRECT_OBJC_ISA_USAGE = YES_ERROR;
				CLANG_WARN_DOCUMENTATION_COMMENTS = YES;
				CLANG_WARN_EMPTY_BODY = YES;
				CLANG_WARN_ENUM_CONVERSION = YES;
				CLANG_WARN_INFINITE_RECURSION = YES;
				CLANG_WARN_INT_CONVERSION = YES;
				CLANG_WARN_NON_LITERAL_NULL_CONVERSION = YES;
				CLANG_WARN_OBJC_IMPLICIT_RETAIN_SELF = YES;
				CLANG_WARN_OBJC_LITERAL_CONVERSION = YES;
				CLANG_WARN_OBJC_ROOT_CLASS = YES_ERROR;
				CLANG_WARN_QUOTED_INCLUDE_IN_FRAMEWORK_HEADER = YES;
				CLANG_WARN_RANGE_LOOP_ANALYSIS = YES;
				CLANG_WARN_STRICT_PROTOTYPES = YES;
				CLANG_WARN_SUSPICIOUS_MOVE = YES;
				CLANG_WARN_UNGUARDED_AVAILABILITY = YES_AGGRESSIVE;
				CLANG_WARN_UNREACHABLE_CODE = YES;
				CLANG_WARN__DUPLICATE_METHOD_MATCH = YES;
				CODE_SIGN_IDENTITY = "iPhone Developer";
				COPY_PHASE_STRIP = NO;
				CURRENT_PROJECT_VERSION = 0;
				DEBUG_INFORMATION_FORMAT = dwarf;
				DYLIB_CURRENT_VERSION = 0;
				ENABLE_STRICT_OBJC_MSGSEND = YES;
				ENABLE_TESTABILITY = YES;
				GCC_C_LANGUAGE_STANDARD = gnu11;
				GCC_DYNAMIC_NO_PIC = NO;
				GCC_NO_COMMON_BLOCKS = YES;
				GCC_OPTIMIZATION_LEVEL = 0;
				GCC_PREPROCESSOR_DEFINITIONS = (
					"DEBUG=1",
					"$(inherited)",
				);
				GCC_WARN_64_TO_32_BIT_CONVERSION = YES;
				GCC_WARN_ABOUT_RETURN_TYPE = YES_ERROR;
				GCC_WARN_UNDECLARED_SELECTOR = YES;
				GCC_WARN_UNINITIALIZED_AUTOS = YES_AGGRESSIVE;
				GCC_WARN_UNUSED_FUNCTION = YES;
				GCC_WARN_UNUSED_VARIABLE = YES;
				IPHONEOS_DEPLOYMENT_TARGET = 14.7;
				MTL_ENABLE_DEBUG_INFO = INCLUDE_SOURCE;
				MTL_FAST_MATH = YES;
				ONLY_ACTIVE_ARCH = YES;
				SDKROOT = iphoneos;
				SWIFT_ACTIVE_COMPILATION_CONDITIONS = DEBUG;
				SWIFT_OPTIMIZATION_LEVEL = "-Onone";
			};
			name = Debug;
		};
		F82CEF08227AB136000485C8 /* Release */ = {
			isa = XCBuildConfiguration;
			buildSettings = {
				ALWAYS_SEARCH_USER_PATHS = NO;
				CLANG_ANALYZER_NONNULL = YES;
				CLANG_ANALYZER_NUMBER_OBJECT_CONVERSION = YES_AGGRESSIVE;
				CLANG_CXX_LANGUAGE_STANDARD = "gnu++14";
				CLANG_CXX_LIBRARY = "libc++";
				CLANG_ENABLE_MODULES = YES;
				CLANG_ENABLE_OBJC_ARC = YES;
				CLANG_ENABLE_OBJC_WEAK = YES;
				CLANG_WARN_BLOCK_CAPTURE_AUTORELEASING = YES;
				CLANG_WARN_BOOL_CONVERSION = YES;
				CLANG_WARN_COMMA = YES;
				CLANG_WARN_CONSTANT_CONVERSION = YES;
				CLANG_WARN_DEPRECATED_OBJC_IMPLEMENTATIONS = YES;
				CLANG_WARN_DIRECT_OBJC_ISA_USAGE = YES_ERROR;
				CLANG_WARN_DOCUMENTATION_COMMENTS = YES;
				CLANG_WARN_EMPTY_BODY = YES;
				CLANG_WARN_ENUM_CONVERSION = YES;
				CLANG_WARN_INFINITE_RECURSION = YES;
				CLANG_WARN_INT_CONVERSION = YES;
				CLANG_WARN_NON_LITERAL_NULL_CONVERSION = YES;
				CLANG_WARN_OBJC_IMPLICIT_RETAIN_SELF = YES;
				CLANG_WARN_OBJC_LITERAL_CONVERSION = YES;
				CLANG_WARN_OBJC_ROOT_CLASS = YES_ERROR;
				CLANG_WARN_QUOTED_INCLUDE_IN_FRAMEWORK_HEADER = YES;
				CLANG_WARN_RANGE_LOOP_ANALYSIS = YES;
				CLANG_WARN_STRICT_PROTOTYPES = YES;
				CLANG_WARN_SUSPICIOUS_MOVE = YES;
				CLANG_WARN_UNGUARDED_AVAILABILITY = YES_AGGRESSIVE;
				CLANG_WARN_UNREACHABLE_CODE = YES;
				CLANG_WARN__DUPLICATE_METHOD_MATCH = YES;
				CODE_SIGN_IDENTITY = "iPhone Developer";
				COPY_PHASE_STRIP = NO;
				CURRENT_PROJECT_VERSION = 0;
				DEBUG_INFORMATION_FORMAT = "dwarf-with-dsym";
				DYLIB_CURRENT_VERSION = 0;
				ENABLE_NS_ASSERTIONS = NO;
				ENABLE_STRICT_OBJC_MSGSEND = YES;
				GCC_C_LANGUAGE_STANDARD = gnu11;
				GCC_NO_COMMON_BLOCKS = YES;
				GCC_WARN_64_TO_32_BIT_CONVERSION = YES;
				GCC_WARN_ABOUT_RETURN_TYPE = YES_ERROR;
				GCC_WARN_UNDECLARED_SELECTOR = YES;
				GCC_WARN_UNINITIALIZED_AUTOS = YES_AGGRESSIVE;
				GCC_WARN_UNUSED_FUNCTION = YES;
				GCC_WARN_UNUSED_VARIABLE = YES;
				IPHONEOS_DEPLOYMENT_TARGET = 14.7;
				MTL_ENABLE_DEBUG_INFO = NO;
				MTL_FAST_MATH = YES;
				SDKROOT = iphoneos;
				SWIFT_COMPILATION_MODE = wholemodule;
				SWIFT_OPTIMIZATION_LEVEL = "-O";
				VALIDATE_PRODUCT = YES;
			};
			name = Release;
		};
		F82CEF0A227AB136000485C8 /* Debug */ = {
			isa = XCBuildConfiguration;
			buildSettings = {
				ASSETCATALOG_COMPILER_APPICON_NAME = AppIcon;
				CODE_SIGN_STYLE = Automatic;
				DEVELOPMENT_TEAM = KA9Z8R6M6K;
				INFOPLIST_FILE = SwiftPackageApp/Info.plist;
				IPHONEOS_DEPLOYMENT_TARGET = 14.7;
				LD_RUNPATH_SEARCH_PATHS = (
					"$(inherited)",
					"@executable_path/Frameworks",
				);
				PRODUCT_BUNDLE_IDENTIFIER = org.sagebionetworks.MCTSwiftPackageApp;
				PRODUCT_NAME = "$(TARGET_NAME)";
				SWIFT_VERSION = 5.0;
				TARGETED_DEVICE_FAMILY = 1;
			};
			name = Debug;
		};
		F82CEF0B227AB136000485C8 /* Release */ = {
			isa = XCBuildConfiguration;
			buildSettings = {
				ASSETCATALOG_COMPILER_APPICON_NAME = AppIcon;
				CODE_SIGN_STYLE = Automatic;
				DEVELOPMENT_TEAM = KA9Z8R6M6K;
				INFOPLIST_FILE = SwiftPackageApp/Info.plist;
				IPHONEOS_DEPLOYMENT_TARGET = 14.7;
				LD_RUNPATH_SEARCH_PATHS = (
					"$(inherited)",
					"@executable_path/Frameworks",
				);
				PRODUCT_BUNDLE_IDENTIFIER = org.sagebionetworks.MCTSwiftPackageApp;
				PRODUCT_NAME = "$(TARGET_NAME)";
				SWIFT_VERSION = 5.0;
				TARGETED_DEVICE_FAMILY = 1;
			};
			name = Release;
		};
/* End XCBuildConfiguration section */

/* Begin XCConfigurationList section */
		F82CEEE7227AB136000485C8 /* Build configuration list for PBXProject "SwiftPackageApp" */ = {
			isa = XCConfigurationList;
			buildConfigurations = (
				F82CEF07227AB136000485C8 /* Debug */,
				F82CEF08227AB136000485C8 /* Release */,
			);
			defaultConfigurationIsVisible = 0;
			defaultConfigurationName = Release;
		};
		F82CEF09227AB136000485C8 /* Build configuration list for PBXNativeTarget "SwiftPackageApp" */ = {
			isa = XCConfigurationList;
			buildConfigurations = (
				F82CEF0A227AB136000485C8 /* Debug */,
				F82CEF0B227AB136000485C8 /* Release */,
			);
			defaultConfigurationIsVisible = 0;
			defaultConfigurationName = Release;
		};
/* End XCConfigurationList section */

/* Begin XCSwiftPackageProductDependency section */
		FFCB217E2746ED66005219FB /* MotorControl */ = {
			isa = XCSwiftPackageProductDependency;
			productName = MotorControl;
		};
/* End XCSwiftPackageProductDependency section */
	};
	rootObject = F82CEEE4227AB136000485C8 /* Project object */;
}
