{
  "object": {
    "pins": [
      {
        "package": "AssessmentModel",
        "repositoryURL": "/Users/arabara/Github/AssessmentModelKMM",
        "state": {
          "branch": null,
          "revision": "65cd9ee57f75f56bcd148b828de53110f8d7eefe",
          "version": "0.8.6"
        }
      },
      {
        "package": "JsonModel",
        "repositoryURL": "https://github.com/Sage-Bionetworks/JsonModel-Swift.git",
        "state": {
          "branch": null,
          "revision": "35fb922cbea12d58de17eb8e0d1125f9f7ab0ca2",
          "version": "1.5.1"
        }
      },
      {
        "package": "MobilePassiveData",
        "repositoryURL": "https://github.com/Sage-Bionetworks/MobilePassiveData-SDK.git",
        "state": {
          "branch": null,
          "revision": "1c271f053bd3be9e2f45ea4c1c3cced3e47304c1",
          "version": "1.3.1"
        }
      },
      {
        "package": "SageResearch",
        "repositoryURL": "https://github.com/Sage-Bionetworks/SageResearch.git",
        "state": {
          "branch": null,
          "revision": "d5c2a7fafe83cf62c53742a553cf2f7c45f5c219",
          "version": "4.6.1"
        }
      },
      {
        "package": "SharedMobileUI",
        "repositoryURL": "https://github.com/Sage-Bionetworks/SharedMobileUI-AppleOS.git",
        "state": {
          "branch": null,
          "revision": "a3c4ff73d2b222d5a246f617d5c2b062eb3abfe4",
          "version": "0.17.0"
        }
      }
    ]
  },
  "version": 1
}
