{
  "object": {
    "pins": [
      {
        "package": "AssessmentModel",
        "repositoryURL": "https://github.com/Sage-Bionetworks/AssessmentModelKMM.git",
        "state": {
          "branch": null,
          "revision": "bcabaeda9fd4ffd1d4013e7631070d98caa397f6",
          "version": "0.12.0"
        }
      },
      {
        "package": "JsonModel",
        "repositoryURL": "https://github.com/Sage-Bionetworks/JsonModel-Swift.git",
        "state": {
          "branch": null,
          "revision": "cf13a8af6b09c25605f340150bb6392ea9d3c0f8",
          "version": "2.0.0"
        }
      },
      {
        "package": "MobilePassiveData",
        "repositoryURL": "https://github.com/Sage-Bionetworks/MobilePassiveData-SDK.git",
        "state": {
          "branch": null,
          "revision": "a13ff3b41ac48d984bfbad1628c91c9752e6fd48",
          "version": "1.5.4"
        }
      },
      {
        "package": "SharedMobileUI",
        "repositoryURL": "https://github.com/Sage-Bionetworks/SharedMobileUI-AppleOS.git",
        "state": {
          "branch": null,
          "revision": "a3c4ff73d2b222d5a246f617d5c2b062eb3abfe4",
          "version": "0.17.0"
        }
      }
    ]
  },
  "version": 1
}
