{
  "object": {
    "pins": [
      {
        "package": "JsonModel",
        "repositoryURL": "https://github.com/Sage-Bionetworks/JsonModel-Swift.git",
        "state": {
          "branch": null,
          "revision": "b6eca57507288ffc0aa755bda96386e888cf80e5",
          "version": "1.4.5"
        }
      },
      {
        "package": "MobilePassiveData",
        "repositoryURL": "https://github.com/Sage-Bionetworks/MobilePassiveData-SDK.git",
        "state": {
          "branch": null,
          "revision": "9c48602422ff2de9404112b9f2ed98c0a9ca2c44",
          "version": "1.2.4"
        }
      },
      {
        "package": "SageResearch",
        "repositoryURL": "https://github.com/Sage-Bionetworks/SageResearch.git",
        "state": {
          "branch": null,
          "revision": "609d7ffd86024f1db94391c9aad1b908020536c3",
          "version": "4.4.0"
        }
      }
    ]
  },
  "version": 1
}
