// !$*UTF8*$!
{
	archiveVersion = 1;
	classes = {
	};
	objectVersion = 55;
	objects = {

/* Begin PBXBuildFile section */
		8004DF0A28AFFE1D0001A1F8 /* iosViewBuilderApp.swift in Sources */ = {isa = PBXBuildFile; fileRef = 8004DF0928AFFE1D0001A1F8 /* iosViewBuilderApp.swift */; };
		8004DF0C28AFFE1D0001A1F8 /* ContentView.swift in Sources */ = {isa = PBXBuildFile; fileRef = 8004DF0B28AFFE1D0001A1F8 /* ContentView.swift */; };
		8004DF0E28AFFE1F0001A1F8 /* Assets.xcassets in Resources */ = {isa = PBXBuildFile; fileRef = 8004DF0D28AFFE1F0001A1F8 /* Assets.xcassets */; };
		8004DF1128AFFE1F0001A1F8 /* Preview Assets.xcassets in Resources */ = {isa = PBXBuildFile; fileRef = 8004DF1028AFFE1F0001A1F8 /* Preview Assets.xcassets */; };
		80F71BDA2978B66000FD19E4 /* WalkingAssessmentObject.swift in Sources */ = {isa = PBXBuildFile; fileRef = 80F71BD92978B66000FD19E4 /* WalkingAssessmentObject.swift */; };
		FF0B3ACC28ECF83F003D42AB /* JsonModel in Frameworks */ = {isa = PBXBuildFile; productRef = FF0B3ACB28ECF83F003D42AB /* JsonModel */; };
		FF0B3ACF28ECF85E003D42AB /* AssessmentModel in Frameworks */ = {isa = PBXBuildFile; productRef = FF0B3ACE28ECF85E003D42AB /* AssessmentModel */; };
		FF0B3AD128ECF85E003D42AB /* AssessmentModelUI in Frameworks */ = {isa = PBXBuildFile; productRef = FF0B3AD028ECF85E003D42AB /* AssessmentModelUI */; };
		FF0B3AD428ECF88F003D42AB /* MobilePassiveData in Frameworks */ = {isa = PBXBuildFile; productRef = FF0B3AD328ECF88F003D42AB /* MobilePassiveData */; };
		FF0B3AD628ECF88F003D42AB /* MotionSensor in Frameworks */ = {isa = PBXBuildFile; productRef = FF0B3AD528ECF88F003D42AB /* MotionSensor */; };
		FF0B3AEC28ECF8B2003D42AB /* MotionSensorViewModels.swift in Sources */ = {isa = PBXBuildFile; fileRef = FF0B3AD928ECF8B2003D42AB /* MotionSensorViewModels.swift */; };
		FF0B3AED28ECF8B2003D42AB /* MotorControlAssessmentStates.swift in Sources */ = {isa = PBXBuildFile; fileRef = FF0B3ADA28ECF8B2003D42AB /* MotorControlAssessmentStates.swift */; };
		FF0B3AEE28ECF8B2003D42AB /* MotorControl.swift in Sources */ = {isa = PBXBuildFile; fileRef = FF0B3ADB28ECF8B2003D42AB /* MotorControl.swift */; };
		FF0B3AEF28ECF8B2003D42AB /* TappingResultObject.swift in Sources */ = {isa = PBXBuildFile; fileRef = FF0B3ADD28ECF8B2003D42AB /* TappingResultObject.swift */; };
		FF0B3AF028ECF8B2003D42AB /* MotionSensorNodeObject.swift in Sources */ = {isa = PBXBuildFile; fileRef = FF0B3ADF28ECF8B2003D42AB /* MotionSensorNodeObject.swift */; };
		FF0B3AF128ECF8B2003D42AB /* HandInstructionObject.swift in Sources */ = {isa = PBXBuildFile; fileRef = FF0B3AE028ECF8B2003D42AB /* HandInstructionObject.swift */; };
		FF0B3AF228ECF8B2003D42AB /* TwoHandAssessmentObject.swift in Sources */ = {isa = PBXBuildFile; fileRef = FF0B3AE128ECF8B2003D42AB /* TwoHandAssessmentObject.swift */; };
		FF0B3AF328ECF8B2003D42AB /* InstructionView.swift in Sources */ = {isa = PBXBuildFile; fileRef = FF0B3AE328ECF8B2003D42AB /* InstructionView.swift */; };
		FF0B3AF428ECF8B2003D42AB /* PausableAnimationModifier.swift in Sources */ = {isa = PBXBuildFile; fileRef = FF0B3AE528ECF8B2003D42AB /* PausableAnimationModifier.swift */; };
		FF0B3AF528ECF8B2003D42AB /* OnFingerPressedGestureModifier.swift in Sources */ = {isa = PBXBuildFile; fileRef = FF0B3AE628ECF8B2003D42AB /* OnFingerPressedGestureModifier.swift */; };
		FF0B3AF628ECF8B2003D42AB /* MotorControlAssessmentView.swift in Sources */ = {isa = PBXBuildFile; fileRef = FF0B3AE728ECF8B2003D42AB /* MotorControlAssessmentView.swift */; };
		FF0B3AF728ECF8B2003D42AB /* OverviewView.swift in Sources */ = {isa = PBXBuildFile; fileRef = FF0B3AE828ECF8B2003D42AB /* OverviewView.swift */; };
		FF0B3AF828ECF8B2003D42AB /* MotionSensorStepView.swift in Sources */ = {isa = PBXBuildFile; fileRef = FF0B3AE928ECF8B2003D42AB /* MotionSensorStepView.swift */; };
		FF0B3AF928ECF8B2003D42AB /* TappingStepView.swift in Sources */ = {isa = PBXBuildFile; fileRef = FF0B3AEA28ECF8B2003D42AB /* TappingStepView.swift */; };
		FF0B3AFA28ECF8B2003D42AB /* GlobalProperties.swift in Sources */ = {isa = PBXBuildFile; fileRef = FF0B3AEB28ECF8B2003D42AB /* GlobalProperties.swift */; };
		FF1DD83B28EE02DA00DD87BD /* TextContent.swift in Sources */ = {isa = PBXBuildFile; fileRef = FF1DD83A28EE02DA00DD87BD /* TextContent.swift */; };
		FF1DD83D28EE0E1900DD87BD /* CountdownDial.swift in Sources */ = {isa = PBXBuildFile; fileRef = FF1DD83C28EE0E1900DD87BD /* CountdownDial.swift */; };
		FFA0978E28ECFB74003AF899 /* LocalPreview in Frameworks */ = {isa = PBXBuildFile; productRef = FFA0978D28ECFB74003AF899 /* LocalPreview */; };
/* End PBXBuildFile section */

/* Begin PBXFileReference section */
		8004DF0628AFFE1D0001A1F8 /* iosViewBuilder.app */ = {isa = PBXFileReference; explicitFileType = wrapper.application; includeInIndex = 0; path = iosViewBuilder.app; sourceTree = BUILT_PRODUCTS_DIR; };
		8004DF0928AFFE1D0001A1F8 /* iosViewBuilderApp.swift */ = {isa = PBXFileReference; lastKnownFileType = sourcecode.swift; path = iosViewBuilderApp.swift; sourceTree = "<group>"; };
		8004DF0B28AFFE1D0001A1F8 /* ContentView.swift */ = {isa = PBXFileReference; lastKnownFileType = sourcecode.swift; path = ContentView.swift; sourceTree = "<group>"; };
		8004DF0D28AFFE1F0001A1F8 /* Assets.xcassets */ = {isa = PBXFileReference; lastKnownFileType = folder.assetcatalog; path = Assets.xcassets; sourceTree = "<group>"; };
		8004DF1028AFFE1F0001A1F8 /* Preview Assets.xcassets */ = {isa = PBXFileReference; lastKnownFileType = folder.assetcatalog; path = "Preview Assets.xcassets"; sourceTree = "<group>"; };
		807B71FA28D507D2008A9F51 /* Info.plist */ = {isa = PBXFileReference; lastKnownFileType = text.plist; path = Info.plist; sourceTree = "<group>"; };
		80F71BD92978B66000FD19E4 /* WalkingAssessmentObject.swift */ = {isa = PBXFileReference; lastKnownFileType = sourcecode.swift; path = WalkingAssessmentObject.swift; sourceTree = "<group>"; };
		FF0B3AD928ECF8B2003D42AB /* MotionSensorViewModels.swift */ = {isa = PBXFileReference; fileEncoding = 4; lastKnownFileType = sourcecode.swift; path = MotionSensorViewModels.swift; sourceTree = "<group>"; };
		FF0B3ADA28ECF8B2003D42AB /* MotorControlAssessmentStates.swift */ = {isa = PBXFileReference; fileEncoding = 4; lastKnownFileType = sourcecode.swift; path = MotorControlAssessmentStates.swift; sourceTree = "<group>"; };
		FF0B3ADB28ECF8B2003D42AB /* MotorControl.swift */ = {isa = PBXFileReference; fileEncoding = 4; lastKnownFileType = sourcecode.swift; path = MotorControl.swift; sourceTree = "<group>"; };
		FF0B3ADD28ECF8B2003D42AB /* TappingResultObject.swift */ = {isa = PBXFileReference; fileEncoding = 4; lastKnownFileType = sourcecode.swift; path = TappingResultObject.swift; sourceTree = "<group>"; };
		FF0B3ADF28ECF8B2003D42AB /* MotionSensorNodeObject.swift */ = {isa = PBXFileReference; fileEncoding = 4; lastKnownFileType = sourcecode.swift; path = MotionSensorNodeObject.swift; sourceTree = "<group>"; };
		FF0B3AE028ECF8B2003D42AB /* HandInstructionObject.swift */ = {isa = PBXFileReference; fileEncoding = 4; lastKnownFileType = sourcecode.swift; path = HandInstructionObject.swift; sourceTree = "<group>"; };
		FF0B3AE128ECF8B2003D42AB /* TwoHandAssessmentObject.swift */ = {isa = PBXFileReference; fileEncoding = 4; lastKnownFileType = sourcecode.swift; path = TwoHandAssessmentObject.swift; sourceTree = "<group>"; };
		FF0B3AE328ECF8B2003D42AB /* InstructionView.swift */ = {isa = PBXFileReference; fileEncoding = 4; lastKnownFileType = sourcecode.swift; path = InstructionView.swift; sourceTree = "<group>"; };
		FF0B3AE528ECF8B2003D42AB /* PausableAnimationModifier.swift */ = {isa = PBXFileReference; fileEncoding = 4; lastKnownFileType = sourcecode.swift; path = PausableAnimationModifier.swift; sourceTree = "<group>"; };
		FF0B3AE628ECF8B2003D42AB /* OnFingerPressedGestureModifier.swift */ = {isa = PBXFileReference; fileEncoding = 4; lastKnownFileType = sourcecode.swift; path = OnFingerPressedGestureModifier.swift; sourceTree = "<group>"; };
		FF0B3AE728ECF8B2003D42AB /* MotorControlAssessmentView.swift */ = {isa = PBXFileReference; fileEncoding = 4; lastKnownFileType = sourcecode.swift; path = MotorControlAssessmentView.swift; sourceTree = "<group>"; };
		FF0B3AE828ECF8B2003D42AB /* OverviewView.swift */ = {isa = PBXFileReference; fileEncoding = 4; lastKnownFileType = sourcecode.swift; path = OverviewView.swift; sourceTree = "<group>"; };
		FF0B3AE928ECF8B2003D42AB /* MotionSensorStepView.swift */ = {isa = PBXFileReference; fileEncoding = 4; lastKnownFileType = sourcecode.swift; path = MotionSensorStepView.swift; sourceTree = "<group>"; };
		FF0B3AEA28ECF8B2003D42AB /* TappingStepView.swift */ = {isa = PBXFileReference; fileEncoding = 4; lastKnownFileType = sourcecode.swift; path = TappingStepView.swift; sourceTree = "<group>"; };
		FF0B3AEB28ECF8B2003D42AB /* GlobalProperties.swift */ = {isa = PBXFileReference; fileEncoding = 4; lastKnownFileType = sourcecode.swift; path = GlobalProperties.swift; sourceTree = "<group>"; };
		FF1DD83A28EE02DA00DD87BD /* TextContent.swift */ = {isa = PBXFileReference; lastKnownFileType = sourcecode.swift; path = TextContent.swift; sourceTree = "<group>"; };
		FF1DD83C28EE0E1900DD87BD /* CountdownDial.swift */ = {isa = PBXFileReference; lastKnownFileType = sourcecode.swift; path = CountdownDial.swift; sourceTree = "<group>"; };
		FFA0978C28ECFB67003AF899 /* MotorControl-iOS */ = {isa = PBXFileReference; lastKnownFileType = wrapper; name = "MotorControl-iOS"; path = ..; sourceTree = "<group>"; };
/* End PBXFileReference section */

/* Begin PBXFrameworksBuildPhase section */
		8004DF0328AFFE1D0001A1F8 /* Frameworks */ = {
			isa = PBXFrameworksBuildPhase;
			buildActionMask = 2147483647;
			files = (
				FF0B3ACF28ECF85E003D42AB /* AssessmentModel in Frameworks */,
				FF0B3AD628ECF88F003D42AB /* MotionSensor in Frameworks */,
				FF0B3AD128ECF85E003D42AB /* AssessmentModelUI in Frameworks */,
				FFA0978E28ECFB74003AF899 /* LocalPreview in Frameworks */,
				FF0B3AD428ECF88F003D42AB /* MobilePassiveData in Frameworks */,
				FF0B3ACC28ECF83F003D42AB /* JsonModel in Frameworks */,
			);
			runOnlyForDeploymentPostprocessing = 0;
		};
/* End PBXFrameworksBuildPhase section */

/* Begin PBXGroup section */
		8004DEFD28AFFE1D0001A1F8 = {
			isa = PBXGroup;
			children = (
				FFA0978C28ECFB67003AF899 /* MotorControl-iOS */,
				8004DF0828AFFE1D0001A1F8 /* iosViewBuilder */,
				8004DF0728AFFE1D0001A1F8 /* Products */,
				8004DF3528AFFFCE0001A1F8 /* Frameworks */,
			);
			sourceTree = "<group>";
		};
		8004DF0728AFFE1D0001A1F8 /* Products */ = {
			isa = PBXGroup;
			children = (
				8004DF0628AFFE1D0001A1F8 /* iosViewBuilder.app */,
			);
			name = Products;
			sourceTree = "<group>";
		};
		8004DF0828AFFE1D0001A1F8 /* iosViewBuilder */ = {
			isa = PBXGroup;
			children = (
				FF0B3AD728ECF8B2003D42AB /* MotorControl */,
				807B71FA28D507D2008A9F51 /* Info.plist */,
				8004DF0928AFFE1D0001A1F8 /* iosViewBuilderApp.swift */,
				8004DF0B28AFFE1D0001A1F8 /* ContentView.swift */,
				8004DF0D28AFFE1F0001A1F8 /* Assets.xcassets */,
				8004DF0F28AFFE1F0001A1F8 /* Preview Content */,
			);
			path = iosViewBuilder;
			sourceTree = "<group>";
		};
		8004DF0F28AFFE1F0001A1F8 /* Preview Content */ = {
			isa = PBXGroup;
			children = (
				8004DF1028AFFE1F0001A1F8 /* Preview Assets.xcassets */,
			);
			path = "Preview Content";
			sourceTree = "<group>";
		};
		8004DF3528AFFFCE0001A1F8 /* Frameworks */ = {
			isa = PBXGroup;
			children = (
			);
			name = Frameworks;
			sourceTree = "<group>";
		};
		FF0B3AD728ECF8B2003D42AB /* MotorControl */ = {
			isa = PBXGroup;
			children = (
				FF0B3ADE28ECF8B2003D42AB /* Model */,
				FF0B3ADC28ECF8B2003D42AB /* ResultObjects */,
				FF0B3AD828ECF8B2003D42AB /* ViewModel */,
				FF0B3AE228ECF8B2003D42AB /* Views */,
				FF0B3ADB28ECF8B2003D42AB /* MotorControl.swift */,
			);
			name = MotorControl;
			path = ../../Sources/MotorControl;
			sourceTree = "<group>";
		};
		FF0B3AD828ECF8B2003D42AB /* ViewModel */ = {
			isa = PBXGroup;
			children = (
				FF0B3AD928ECF8B2003D42AB /* MotionSensorViewModels.swift */,
				FF0B3ADA28ECF8B2003D42AB /* MotorControlAssessmentStates.swift */,
			);
			path = ViewModel;
			sourceTree = "<group>";
		};
		FF0B3ADC28ECF8B2003D42AB /* ResultObjects */ = {
			isa = PBXGroup;
			children = (
				FF0B3ADD28ECF8B2003D42AB /* TappingResultObject.swift */,
			);
			path = ResultObjects;
			sourceTree = "<group>";
		};
		FF0B3ADE28ECF8B2003D42AB /* Model */ = {
			isa = PBXGroup;
			children = (
				FF0B3ADF28ECF8B2003D42AB /* MotionSensorNodeObject.swift */,
				FF0B3AE028ECF8B2003D42AB /* HandInstructionObject.swift */,
				FF0B3AE128ECF8B2003D42AB /* TwoHandAssessmentObject.swift */,
				80F71BD92978B66000FD19E4 /* WalkingAssessmentObject.swift */,
			);
			path = Model;
			sourceTree = "<group>";
		};
		FF0B3AE228ECF8B2003D42AB /* Views */ = {
			isa = PBXGroup;
			children = (
				FF0B3AE428ECF8B2003D42AB /* Components */,
				FF0B3AE328ECF8B2003D42AB /* InstructionView.swift */,
				FF0B3AE728ECF8B2003D42AB /* MotorControlAssessmentView.swift */,
				FF0B3AE828ECF8B2003D42AB /* OverviewView.swift */,
				FF0B3AE928ECF8B2003D42AB /* MotionSensorStepView.swift */,
				FF0B3AEA28ECF8B2003D42AB /* TappingStepView.swift */,
				FF0B3AEB28ECF8B2003D42AB /* GlobalProperties.swift */,
			);
			path = Views;
			sourceTree = "<group>";
		};
		FF0B3AE428ECF8B2003D42AB /* Components */ = {
			isa = PBXGroup;
			children = (
				FF0B3AE528ECF8B2003D42AB /* PausableAnimationModifier.swift */,
				FF0B3AE628ECF8B2003D42AB /* OnFingerPressedGestureModifier.swift */,
				FF1DD83A28EE02DA00DD87BD /* TextContent.swift */,
				FF1DD83C28EE0E1900DD87BD /* CountdownDial.swift */,
			);
			path = Components;
			sourceTree = "<group>";
		};
/* End PBXGroup section */

/* Begin PBXNativeTarget section */
		8004DF0528AFFE1D0001A1F8 /* iosViewBuilder */ = {
			isa = PBXNativeTarget;
			buildConfigurationList = 8004DF2A28AFFE1F0001A1F8 /* Build configuration list for PBXNativeTarget "iosViewBuilder" */;
			buildPhases = (
				8004DF0228AFFE1D0001A1F8 /* Sources */,
				8004DF0328AFFE1D0001A1F8 /* Frameworks */,
				8004DF0428AFFE1D0001A1F8 /* Resources */,
			);
			buildRules = (
			);
			dependencies = (
			);
			name = iosViewBuilder;
			packageProductDependencies = (
				FF0B3ACB28ECF83F003D42AB /* JsonModel */,
				FF0B3ACE28ECF85E003D42AB /* AssessmentModel */,
				FF0B3AD028ECF85E003D42AB /* AssessmentModelUI */,
				FF0B3AD328ECF88F003D42AB /* MobilePassiveData */,
				FF0B3AD528ECF88F003D42AB /* MotionSensor */,
				FFA0978D28ECFB74003AF899 /* LocalPreview */,
			);
			productName = iosViewBuilder;
			productReference = 8004DF0628AFFE1D0001A1F8 /* iosViewBuilder.app */;
			productType = "com.apple.product-type.application";
		};
/* End PBXNativeTarget section */

/* Begin PBXProject section */
		8004DEFE28AFFE1D0001A1F8 /* Project object */ = {
			isa = PBXProject;
			attributes = {
				BuildIndependentTargetsInParallel = 1;
				LastSwiftUpdateCheck = 1340;
				LastUpgradeCheck = 1340;
				TargetAttributes = {
					8004DF0528AFFE1D0001A1F8 = {
						CreatedOnToolsVersion = 13.4.1;
					};
				};
			};
			buildConfigurationList = 8004DF0128AFFE1D0001A1F8 /* Build configuration list for PBXProject "iosViewBuilder" */;
			compatibilityVersion = "Xcode 13.0";
			developmentRegion = en;
			hasScannedForEncodings = 0;
			knownRegions = (
				en,
				Base,
			);
			mainGroup = 8004DEFD28AFFE1D0001A1F8;
			packageReferences = (
				FF0B3ACA28ECF83F003D42AB /* XCRemoteSwiftPackageReference "JsonModel-Swift" */,
				FF0B3ACD28ECF85E003D42AB /* XCRemoteSwiftPackageReference "AssessmentModelKMM" */,
				FF0B3AD228ECF88F003D42AB /* XCRemoteSwiftPackageReference "MobilePassiveData-SDK" */,
			);
			productRefGroup = 8004DF0728AFFE1D0001A1F8 /* Products */;
			projectDirPath = "";
			projectRoot = "";
			targets = (
				8004DF0528AFFE1D0001A1F8 /* iosViewBuilder */,
			);
		};
/* End PBXProject section */

/* Begin PBXResourcesBuildPhase section */
		8004DF0428AFFE1D0001A1F8 /* Resources */ = {
			isa = PBXResourcesBuildPhase;
			buildActionMask = 2147483647;
			files = (
				8004DF1128AFFE1F0001A1F8 /* Preview Assets.xcassets in Resources */,
				8004DF0E28AFFE1F0001A1F8 /* Assets.xcassets in Resources */,
			);
			runOnlyForDeploymentPostprocessing = 0;
		};
/* End PBXResourcesBuildPhase section */

/* Begin PBXSourcesBuildPhase section */
		8004DF0228AFFE1D0001A1F8 /* Sources */ = {
			isa = PBXSourcesBuildPhase;
			buildActionMask = 2147483647;
			files = (
				FF1DD83B28EE02DA00DD87BD /* TextContent.swift in Sources */,
				FF0B3AEE28ECF8B2003D42AB /* MotorControl.swift in Sources */,
				FF0B3AF028ECF8B2003D42AB /* MotionSensorNodeObject.swift in Sources */,
				FF0B3AF228ECF8B2003D42AB /* TwoHandAssessmentObject.swift in Sources */,
				FF0B3AF428ECF8B2003D42AB /* PausableAnimationModifier.swift in Sources */,
				FF0B3AF128ECF8B2003D42AB /* HandInstructionObject.swift in Sources */,
				FF0B3AF628ECF8B2003D42AB /* MotorControlAssessmentView.swift in Sources */,
				FF0B3AF828ECF8B2003D42AB /* MotionSensorStepView.swift in Sources */,
				8004DF0C28AFFE1D0001A1F8 /* ContentView.swift in Sources */,
				FF0B3AED28ECF8B2003D42AB /* MotorControlAssessmentStates.swift in Sources */,
				80F71BDA2978B66000FD19E4 /* WalkingAssessmentObject.swift in Sources */,
				8004DF0A28AFFE1D0001A1F8 /* iosViewBuilderApp.swift in Sources */,
				FF0B3AF928ECF8B2003D42AB /* TappingStepView.swift in Sources */,
				FF0B3AEC28ECF8B2003D42AB /* MotionSensorViewModels.swift in Sources */,
				FF0B3AEF28ECF8B2003D42AB /* TappingResultObject.swift in Sources */,
				FF0B3AF328ECF8B2003D42AB /* InstructionView.swift in Sources */,
				FF0B3AF528ECF8B2003D42AB /* OnFingerPressedGestureModifier.swift in Sources */,
				FF1DD83D28EE0E1900DD87BD /* CountdownDial.swift in Sources */,
				FF0B3AF728ECF8B2003D42AB /* OverviewView.swift in Sources */,
				FF0B3AFA28ECF8B2003D42AB /* GlobalProperties.swift in Sources */,
			);
			runOnlyForDeploymentPostprocessing = 0;
		};
/* End PBXSourcesBuildPhase section */

/* Begin XCBuildConfiguration section */
		8004DF2828AFFE1F0001A1F8 /* Debug */ = {
			isa = XCBuildConfiguration;
			buildSettings = {
				ALWAYS_SEARCH_USER_PATHS = NO;
				CLANG_ANALYZER_NONNULL = YES;
				CLANG_ANALYZER_NUMBER_OBJECT_CONVERSION = YES_AGGRESSIVE;
				CLANG_CXX_LANGUAGE_STANDARD = "gnu++17";
				CLANG_ENABLE_MODULES = YES;
				CLANG_ENABLE_OBJC_ARC = YES;
				CLANG_ENABLE_OBJC_WEAK = YES;
				CLANG_WARN_BLOCK_CAPTURE_AUTORELEASING = YES;
				CLANG_WARN_BOOL_CONVERSION = YES;
				CLANG_WARN_COMMA = YES;
				CLANG_WARN_CONSTANT_CONVERSION = YES;
				CLANG_WARN_DEPRECATED_OBJC_IMPLEMENTATIONS = YES;
				CLANG_WARN_DIRECT_OBJC_ISA_USAGE = YES_ERROR;
				CLANG_WARN_DOCUMENTATION_COMMENTS = YES;
				CLANG_WARN_EMPTY_BODY = YES;
				CLANG_WARN_ENUM_CONVERSION = YES;
				CLANG_WARN_INFINITE_RECURSION = YES;
				CLANG_WARN_INT_CONVERSION = YES;
				CLANG_WARN_NON_LITERAL_NULL_CONVERSION = YES;
				CLANG_WARN_OBJC_IMPLICIT_RETAIN_SELF = YES;
				CLANG_WARN_OBJC_LITERAL_CONVERSION = YES;
				CLANG_WARN_OBJC_ROOT_CLASS = YES_ERROR;
				CLANG_WARN_QUOTED_INCLUDE_IN_FRAMEWORK_HEADER = YES;
				CLANG_WARN_RANGE_LOOP_ANALYSIS = YES;
				CLANG_WARN_STRICT_PROTOTYPES = YES;
				CLANG_WARN_SUSPICIOUS_MOVE = YES;
				CLANG_WARN_UNGUARDED_AVAILABILITY = YES_AGGRESSIVE;
				CLANG_WARN_UNREACHABLE_CODE = YES;
				CLANG_WARN__DUPLICATE_METHOD_MATCH = YES;
				COPY_PHASE_STRIP = NO;
				DEBUG_INFORMATION_FORMAT = dwarf;
				ENABLE_STRICT_OBJC_MSGSEND = YES;
				ENABLE_TESTABILITY = YES;
				GCC_C_LANGUAGE_STANDARD = gnu11;
				GCC_DYNAMIC_NO_PIC = NO;
				GCC_NO_COMMON_BLOCKS = YES;
				GCC_OPTIMIZATION_LEVEL = 0;
				GCC_PREPROCESSOR_DEFINITIONS = (
					"DEBUG=1",
					"$(inherited)",
				);
				GCC_WARN_64_TO_32_BIT_CONVERSION = YES;
				GCC_WARN_ABOUT_RETURN_TYPE = YES_ERROR;
				GCC_WARN_UNDECLARED_SELECTOR = YES;
				GCC_WARN_UNINITIALIZED_AUTOS = YES_AGGRESSIVE;
				GCC_WARN_UNUSED_FUNCTION = YES;
				GCC_WARN_UNUSED_VARIABLE = YES;
				IPHONEOS_DEPLOYMENT_TARGET = 15.5;
				MTL_ENABLE_DEBUG_INFO = INCLUDE_SOURCE;
				MTL_FAST_MATH = YES;
				ONLY_ACTIVE_ARCH = YES;
				SDKROOT = iphoneos;
				SWIFT_ACTIVE_COMPILATION_CONDITIONS = DEBUG;
				SWIFT_OPTIMIZATION_LEVEL = "-Onone";
			};
			name = Debug;
		};
		8004DF2928AFFE1F0001A1F8 /* Release */ = {
			isa = XCBuildConfiguration;
			buildSettings = {
				ALWAYS_SEARCH_USER_PATHS = NO;
				CLANG_ANALYZER_NONNULL = YES;
				CLANG_ANALYZER_NUMBER_OBJECT_CONVERSION = YES_AGGRESSIVE;
				CLANG_CXX_LANGUAGE_STANDARD = "gnu++17";
				CLANG_ENABLE_MODULES = YES;
				CLANG_ENABLE_OBJC_ARC = YES;
				CLANG_ENABLE_OBJC_WEAK = YES;
				CLANG_WARN_BLOCK_CAPTURE_AUTORELEASING = YES;
				CLANG_WARN_BOOL_CONVERSION = YES;
				CLANG_WARN_COMMA = YES;
				CLANG_WARN_CONSTANT_CONVERSION = YES;
				CLANG_WARN_DEPRECATED_OBJC_IMPLEMENTATIONS = YES;
				CLANG_WARN_DIRECT_OBJC_ISA_USAGE = YES_ERROR;
				CLANG_WARN_DOCUMENTATION_COMMENTS = YES;
				CLANG_WARN_EMPTY_BODY = YES;
				CLANG_WARN_ENUM_CONVERSION = YES;
				CLANG_WARN_INFINITE_RECURSION = YES;
				CLANG_WARN_INT_CONVERSION = YES;
				CLANG_WARN_NON_LITERAL_NULL_CONVERSION = YES;
				CLANG_WARN_OBJC_IMPLICIT_RETAIN_SELF = YES;
				CLANG_WARN_OBJC_LITERAL_CONVERSION = YES;
				CLANG_WARN_OBJC_ROOT_CLASS = YES_ERROR;
				CLANG_WARN_QUOTED_INCLUDE_IN_FRAMEWORK_HEADER = YES;
				CLANG_WARN_RANGE_LOOP_ANALYSIS = YES;
				CLANG_WARN_STRICT_PROTOTYPES = YES;
				CLANG_WARN_SUSPICIOUS_MOVE = YES;
				CLANG_WARN_UNGUARDED_AVAILABILITY = YES_AGGRESSIVE;
				CLANG_WARN_UNREACHABLE_CODE = YES;
				CLANG_WARN__DUPLICATE_METHOD_MATCH = YES;
				COPY_PHASE_STRIP = NO;
				DEBUG_INFORMATION_FORMAT = "dwarf-with-dsym";
				ENABLE_NS_ASSERTIONS = NO;
				ENABLE_STRICT_OBJC_MSGSEND = YES;
				GCC_C_LANGUAGE_STANDARD = gnu11;
				GCC_NO_COMMON_BLOCKS = YES;
				GCC_WARN_64_TO_32_BIT_CONVERSION = YES;
				GCC_WARN_ABOUT_RETURN_TYPE = YES_ERROR;
				GCC_WARN_UNDECLARED_SELECTOR = YES;
				GCC_WARN_UNINITIALIZED_AUTOS = YES_AGGRESSIVE;
				GCC_WARN_UNUSED_FUNCTION = YES;
				GCC_WARN_UNUSED_VARIABLE = YES;
				IPHONEOS_DEPLOYMENT_TARGET = 15.5;
				MTL_ENABLE_DEBUG_INFO = NO;
				MTL_FAST_MATH = YES;
				SDKROOT = iphoneos;
				SWIFT_COMPILATION_MODE = wholemodule;
				SWIFT_OPTIMIZATION_LEVEL = "-O";
				VALIDATE_PRODUCT = YES;
			};
			name = Release;
		};
		8004DF2B28AFFE1F0001A1F8 /* Debug */ = {
			isa = XCBuildConfiguration;
			buildSettings = {
				ASSETCATALOG_COMPILER_APPICON_NAME = AppIcon;
				ASSETCATALOG_COMPILER_GLOBAL_ACCENT_COLOR_NAME = AccentColor;
				CODE_SIGN_STYLE = Automatic;
				CURRENT_PROJECT_VERSION = 1;
				DEVELOPMENT_ASSET_PATHS = "\"iosViewBuilder/Preview Content\"";
				DEVELOPMENT_TEAM = KA9Z8R6M6K;
				ENABLE_PREVIEWS = YES;
				GENERATE_INFOPLIST_FILE = YES;
				INFOPLIST_FILE = iosViewBuilder/Info.plist;
				INFOPLIST_KEY_UIApplicationSceneManifest_Generation = YES;
				INFOPLIST_KEY_UIApplicationSupportsIndirectInputEvents = YES;
				INFOPLIST_KEY_UILaunchScreen_Generation = YES;
				INFOPLIST_KEY_UISupportedInterfaceOrientations_iPad = "UIInterfaceOrientationPortrait UIInterfaceOrientationPortraitUpsideDown UIInterfaceOrientationLandscapeLeft UIInterfaceOrientationLandscapeRight";
				INFOPLIST_KEY_UISupportedInterfaceOrientations_iPhone = "UIInterfaceOrientationPortrait UIInterfaceOrientationLandscapeLeft UIInterfaceOrientationLandscapeRight";
				IPHONEOS_DEPLOYMENT_TARGET = 15.2;
				LD_RUNPATH_SEARCH_PATHS = (
					"$(inherited)",
					"@executable_path/Frameworks",
				);
				MARKETING_VERSION = 1.0;
				PRODUCT_BUNDLE_IDENTIFIER = Sage.iosViewBuilder;
				PRODUCT_NAME = "$(TARGET_NAME)";
				SWIFT_EMIT_LOC_STRINGS = YES;
				SWIFT_VERSION = 5.0;
				TARGETED_DEVICE_FAMILY = "1,2";
			};
			name = Debug;
		};
		8004DF2C28AFFE1F0001A1F8 /* Release */ = {
			isa = XCBuildConfiguration;
			buildSettings = {
				ASSETCATALOG_COMPILER_APPICON_NAME = AppIcon;
				ASSETCATALOG_COMPILER_GLOBAL_ACCENT_COLOR_NAME = AccentColor;
				CODE_SIGN_STYLE = Automatic;
				CURRENT_PROJECT_VERSION = 1;
				DEVELOPMENT_ASSET_PATHS = "\"iosViewBuilder/Preview Content\"";
				DEVELOPMENT_TEAM = KA9Z8R6M6K;
				ENABLE_PREVIEWS = YES;
				GENERATE_INFOPLIST_FILE = YES;
				INFOPLIST_FILE = iosViewBuilder/Info.plist;
				INFOPLIST_KEY_UIApplicationSceneManifest_Generation = YES;
				INFOPLIST_KEY_UIApplicationSupportsIndirectInputEvents = YES;
				INFOPLIST_KEY_UILaunchScreen_Generation = YES;
				INFOPLIST_KEY_UISupportedInterfaceOrientations_iPad = "UIInterfaceOrientationPortrait UIInterfaceOrientationPortraitUpsideDown UIInterfaceOrientationLandscapeLeft UIInterfaceOrientationLandscapeRight";
				INFOPLIST_KEY_UISupportedInterfaceOrientations_iPhone = "UIInterfaceOrientationPortrait UIInterfaceOrientationLandscapeLeft UIInterfaceOrientationLandscapeRight";
				IPHONEOS_DEPLOYMENT_TARGET = 15.2;
				LD_RUNPATH_SEARCH_PATHS = (
					"$(inherited)",
					"@executable_path/Frameworks",
				);
				MARKETING_VERSION = 1.0;
				PRODUCT_BUNDLE_IDENTIFIER = Sage.iosViewBuilder;
				PRODUCT_NAME = "$(TARGET_NAME)";
				SWIFT_EMIT_LOC_STRINGS = YES;
				SWIFT_VERSION = 5.0;
				TARGETED_DEVICE_FAMILY = "1,2";
			};
			name = Release;
		};
/* End XCBuildConfiguration section */

/* Begin XCConfigurationList section */
		8004DF0128AFFE1D0001A1F8 /* Build configuration list for PBXProject "iosViewBuilder" */ = {
			isa = XCConfigurationList;
			buildConfigurations = (
				8004DF2828AFFE1F0001A1F8 /* Debug */,
				8004DF2928AFFE1F0001A1F8 /* Release */,
			);
			defaultConfigurationIsVisible = 0;
			defaultConfigurationName = Release;
		};
		8004DF2A28AFFE1F0001A1F8 /* Build configuration list for PBXNativeTarget "iosViewBuilder" */ = {
			isa = XCConfigurationList;
			buildConfigurations = (
				8004DF2B28AFFE1F0001A1F8 /* Debug */,
				8004DF2C28AFFE1F0001A1F8 /* Release */,
			);
			defaultConfigurationIsVisible = 0;
			defaultConfigurationName = Release;
		};
/* End XCConfigurationList section */

/* Begin XCRemoteSwiftPackageReference section */
		FF0B3ACA28ECF83F003D42AB /* XCRemoteSwiftPackageReference "JsonModel-Swift" */ = {
			isa = XCRemoteSwiftPackageReference;
			repositoryURL = "https://github.com/Sage-Bionetworks/JsonModel-Swift.git";
			requirement = {
				kind = upToNextMajorVersion;
				minimumVersion = 1.5.0;
			};
		};
		FF0B3ACD28ECF85E003D42AB /* XCRemoteSwiftPackageReference "AssessmentModelKMM" */ = {
			isa = XCRemoteSwiftPackageReference;
			repositoryURL = "https://github.com/Sage-Bionetworks/AssessmentModelKMM.git";
			requirement = {
				kind = upToNextMajorVersion;
				minimumVersion = 0.8.6;
			};
		};
		FF0B3AD228ECF88F003D42AB /* XCRemoteSwiftPackageReference "MobilePassiveData-SDK" */ = {
			isa = XCRemoteSwiftPackageReference;
			repositoryURL = "https://github.com/Sage-Bionetworks/MobilePassiveData-SDK.git";
			requirement = {
				kind = upToNextMajorVersion;
				minimumVersion = 1.3.2;
			};
		};
/* End XCRemoteSwiftPackageReference section */

/* Begin XCSwiftPackageProductDependency section */
		FF0B3ACB28ECF83F003D42AB /* JsonModel */ = {
			isa = XCSwiftPackageProductDependency;
			package = FF0B3ACA28ECF83F003D42AB /* XCRemoteSwiftPackageReference "JsonModel-Swift" */;
			productName = JsonModel;
		};
		FF0B3ACE28ECF85E003D42AB /* AssessmentModel */ = {
			isa = XCSwiftPackageProductDependency;
			package = FF0B3ACD28ECF85E003D42AB /* XCRemoteSwiftPackageReference "AssessmentModelKMM" */;
			productName = AssessmentModel;
		};
		FF0B3AD028ECF85E003D42AB /* AssessmentModelUI */ = {
			isa = XCSwiftPackageProductDependency;
			package = FF0B3ACD28ECF85E003D42AB /* XCRemoteSwiftPackageReference "AssessmentModelKMM" */;
			productName = AssessmentModelUI;
		};
		FF0B3AD328ECF88F003D42AB /* MobilePassiveData */ = {
			isa = XCSwiftPackageProductDependency;
			package = FF0B3AD228ECF88F003D42AB /* XCRemoteSwiftPackageReference "MobilePassiveData-SDK" */;
			productName = MobilePassiveData;
		};
		FF0B3AD528ECF88F003D42AB /* MotionSensor */ = {
			isa = XCSwiftPackageProductDependency;
			package = FF0B3AD228ECF88F003D42AB /* XCRemoteSwiftPackageReference "MobilePassiveData-SDK" */;
			productName = MotionSensor;
		};
		FFA0978D28ECFB74003AF899 /* LocalPreview */ = {
			isa = XCSwiftPackageProductDependency;
			productName = LocalPreview;
		};
/* End XCSwiftPackageProductDependency section */
	};
	rootObject = 8004DEFE28AFFE1D0001A1F8 /* Project object */;
}
